
Microsoft Visual Studio Solution File, Format Version 12.00
# Visual Studio 14
VisualStudioVersion = 14.0.23107.0
MinimumVisualStudioVersion = 10.0.40219.1
Project("{2150E333-8FDC-42A3-9474-1A3956D46DE8}") = ".nuget", ".nuget", "{EEA95F1D-2D75-41D0-AD17-B1B3EC566003}"
	ProjectSection(SolutionItems) = preProject
		.nuget\NuGet.Config = .nuget\NuGet.Config
		.nuget\NuGet.exe = .nuget\NuGet.exe
		.nuget\NuGet.targets = .nuget\NuGet.targets
	EndProjectSection
EndProject
Project("{FAE04EC0-301F-11D3-BF4B-00C04F79EFBC}") = "AppDi", "AppDi\AppDi.csproj", "{74E18460-6CAC-403B-B20E-B4967F67B9D7}"
EndProject
Project("{FAE04EC0-301F-11D3-BF4B-00C04F79EFBC}") = "AppDiTests", "AppDiTests\AppDiTests.csproj", "{F86ED3B7-4BE9-46FA-A74F-D540C3BEA044}"
EndProject
Project("{FF286327-C783-4F7A-AB73-9BCBAD0D4460}") = "AppDiPackage", "AppDiPackage\AppDiPackage.nuproj", "{4B361DCF-4AED-4237-B345-41A94AEA732C}"
EndProject
Global
	GlobalSection(SolutionConfigurationPlatforms) = preSolution
		Debug|Any CPU = Debug|Any CPU
		Release|Any CPU = Release|Any CPU
	EndGlobalSection
	GlobalSection(ProjectConfigurationPlatforms) = postSolution
		{74E18460-6CAC-403B-B20E-B4967F67B9D7}.Debug|Any CPU.ActiveCfg = Debug|Any CPU
		{74E18460-6CAC-403B-B20E-B4967F67B9D7}.Debug|Any CPU.Build.0 = Debug|Any CPU
		{74E18460-6CAC-403B-B20E-B4967F67B9D7}.Release|Any CPU.ActiveCfg = Release|Any CPU
		{74E18460-6CAC-403B-B20E-B4967F67B9D7}.Release|Any CPU.Build.0 = Release|Any CPU
		{F86ED3B7-4BE9-46FA-A74F-D540C3BEA044}.Debug|Any CPU.ActiveCfg = Debug|Any CPU
		{F86ED3B7-4BE9-46FA-A74F-D540C3BEA044}.Debug|Any CPU.Build.0 = Debug|Any CPU
		{F86ED3B7-4BE9-46FA-A74F-D540C3BEA044}.Release|Any CPU.ActiveCfg = Release|Any CPU
		{F86ED3B7-4BE9-46FA-A74F-D540C3BEA044}.Release|Any CPU.Build.0 = Release|Any CPU
		{4B361DCF-4AED-4237-B345-41A94AEA732C}.Debug|Any CPU.ActiveCfg = Debug|Any CPU
		{4B361DCF-4AED-4237-B345-41A94AEA732C}.Debug|Any CPU.Build.0 = Debug|Any CPU
		{4B361DCF-4AED-4237-B345-41A94AEA732C}.Release|Any CPU.ActiveCfg = Release|Any CPU
		{4B361DCF-4AED-4237-B345-41A94AEA732C}.Release|Any CPU.Build.0 = Release|Any CPU
	EndGlobalSection
	GlobalSection(SolutionProperties) = preSolution
		HideSolutionNode = FALSE
	EndGlobalSection
EndGlobal
